
Microsoft Visual Studio Solution File, Format Version 12.00
# Visual Studio Version 16
VisualStudioVersion = 16.0.30621.155
MinimumVisualStudioVersion = 10.0.40219.1
Project("{FAE04EC0-301F-11D3-BF4B-00C04F79EFBC}") = "MusicTheory_CSharp", "MusicTheory_CSharp\MusicTheory_CSharp.csproj", "{D6972B4E-CD0C-4935-9CEB-6529E23D9C0C}"
EndProject
Project("{2150E333-8FDC-42A3-9474-1A3956D46DE8}") = "test", "test", "{802F8C30-46B0-4793-AA04-ED6FC092DC9F}"
EndProject
Project("{9A19103F-16F7-4668-BE54-9A1E7A4F7556}") = "MusicTheory_CSharp_Testing", "MusicTheory_CSharp_Testing\MusicTheory_CSharp_Testing.csproj", "{4090461A-3FAB-486C-ADDA-E71B4AFCC8C7}"
EndProject
Global
	GlobalSection(SolutionConfigurationPlatforms) = preSolution
		Debug|Any CPU = Debug|Any CPU
		Release|Any CPU = Release|Any CPU
	EndGlobalSection
	GlobalSection(ProjectConfigurationPlatforms) = postSolution
		{D6972B4E-CD0C-4935-9CEB-6529E23D9C0C}.Debug|Any CPU.ActiveCfg = Debug|Any CPU
		{D6972B4E-CD0C-4935-9CEB-6529E23D9C0C}.Debug|Any CPU.Build.0 = Debug|Any CPU
		{D6972B4E-CD0C-4935-9CEB-6529E23D9C0C}.Release|Any CPU.ActiveCfg = Release|Any CPU
		{D6972B4E-CD0C-4935-9CEB-6529E23D9C0C}.Release|Any CPU.Build.0 = Release|Any CPU
		{4090461A-3FAB-486C-ADDA-E71B4AFCC8C7}.Debug|Any CPU.ActiveCfg = Debug|Any CPU
		{4090461A-3FAB-486C-ADDA-E71B4AFCC8C7}.Debug|Any CPU.Build.0 = Debug|Any CPU
		{4090461A-3FAB-486C-ADDA-E71B4AFCC8C7}.Release|Any CPU.ActiveCfg = Release|Any CPU
		{4090461A-3FAB-486C-ADDA-E71B4AFCC8C7}.Release|Any CPU.Build.0 = Release|Any CPU
	EndGlobalSection
	GlobalSection(SolutionProperties) = preSolution
		HideSolutionNode = FALSE
	EndGlobalSection
	GlobalSection(NestedProjects) = preSolution
		{4090461A-3FAB-486C-ADDA-E71B4AFCC8C7} = {802F8C30-46B0-4793-AA04-ED6FC092DC9F}
	EndGlobalSection
	GlobalSection(ExtensibilityGlobals) = postSolution
		SolutionGuid = {CCF5F5C2-08D9-4E31-9157-D274EECC4A88}
	EndGlobalSection
EndGlobal
